
Microsoft Visual Studio Solution File, Format Version 12.00
# Visual Studio Version 17
VisualStudioVersion = 17.3.32901.215
MinimumVisualStudioVersion = 10.0.40219.1
Project("{FAE04EC0-301F-11D3-BF4B-00C04F79EFBC}") = "uygulama", "uygulama\uygulama.csproj", "{02EF5254-17D5-482E-860E-79795F616151}"
EndProject
Global
	GlobalSection(SolutionConfigurationPlatforms) = preSolution
		Debug|Any CPU = Debug|Any CPU
		Release|Any CPU = Release|Any CPU
	EndGlobalSection
	GlobalSection(ProjectConfigurationPlatforms) = postSolution
		{02EF5254-17D5-482E-860E-79795F616151}.Debug|Any CPU.ActiveCfg = Debug|Any CPU
		{02EF5254-17D5-482E-860E-79795F616151}.Debug|Any CPU.Build.0 = Debug|Any CPU
		{02EF5254-17D5-482E-860E-79795F616151}.Release|Any CPU.ActiveCfg = Release|Any CPU
		{02EF5254-17D5-482E-860E-79795F616151}.Release|Any CPU.Build.0 = Release|Any CPU
	EndGlobalSection
	GlobalSection(SolutionProperties) = preSolution
		HideSolutionNode = FALSE
	EndGlobalSection
	GlobalSection(ExtensibilityGlobals) = postSolution
		SolutionGuid = {D9222BE3-0D38-46F6-9848-515562F21D81}
	EndGlobalSection
EndGlobal
